
Microsoft Visual Studio Solution File, Format Version 12.00
# Visual Studio 15
VisualStudioVersion = 15.0.27130.2036
MinimumVisualStudioVersion = 10.0.40219.1
Project("{FAE04EC0-301F-11D3-BF4B-00C04F79EFBC}") = "ShopProject.Android", "ShopProject\ShopProject.Android\ShopProject.Android.csproj", "{0D7F027C-25AF-4770-BA3E-DD7FFF492CDD}"
EndProject
Project("{FAE04EC0-301F-11D3-BF4B-00C04F79EFBC}") = "ShopProject.iOS", "ShopProject\ShopProject.iOS\ShopProject.iOS.csproj", "{41A1A4B5-1315-400A-8DD7-611FF870D92D}"
EndProject
Project("{FAE04EC0-301F-11D3-BF4B-00C04F79EFBC}") = "ShopProject.UWP", "ShopProject\ShopProject.UWP\ShopProject.UWP.csproj", "{9D1D2733-68AC-4644-ACC4-F664E76BBAEB}"
EndProject
Project("{FAE04EC0-301F-11D3-BF4B-00C04F79EFBC}") = "ShopProject", "ShopProject\ShopProject\ShopProject.csproj", "{CEAAA524-733D-4362-BE1F-B7E7AC0B50BB}"
EndProject
Global
	GlobalSection(SolutionConfigurationPlatforms) = preSolution
		Ad-Hoc|Any CPU = Ad-Hoc|Any CPU
		Ad-Hoc|ARM = Ad-Hoc|ARM
		Ad-Hoc|iPhone = Ad-Hoc|iPhone
		Ad-Hoc|iPhoneSimulator = Ad-Hoc|iPhoneSimulator
		Ad-Hoc|x64 = Ad-Hoc|x64
		Ad-Hoc|x86 = Ad-Hoc|x86
		AppStore|Any CPU = AppStore|Any CPU
		AppStore|ARM = AppStore|ARM
		AppStore|iPhone = AppStore|iPhone
		AppStore|iPhoneSimulator = AppStore|iPhoneSimulator
		AppStore|x64 = AppStore|x64
		AppStore|x86 = AppStore|x86
		Debug|Any CPU = Debug|Any CPU
		Debug|ARM = Debug|ARM
		Debug|iPhone = Debug|iPhone
		Debug|iPhoneSimulator = Debug|iPhoneSimulator
		Debug|x64 = Debug|x64
		Debug|x86 = Debug|x86
		Release|Any CPU = Release|Any CPU
		Release|ARM = Release|ARM
		Release|iPhone = Release|iPhone
		Release|iPhoneSimulator = Release|iPhoneSimulator
		Release|x64 = Release|x64
		Release|x86 = Release|x86
	EndGlobalSection
	GlobalSection(ProjectConfigurationPlatforms) = postSolution
		{0D7F027C-25AF-4770-BA3E-DD7FFF492CDD}.Ad-Hoc|Any CPU.ActiveCfg = Release|Any CPU
		{0D7F027C-25AF-4770-BA3E-DD7FFF492CDD}.Ad-Hoc|Any CPU.Build.0 = Release|Any CPU
		{0D7F027C-25AF-4770-BA3E-DD7FFF492CDD}.Ad-Hoc|Any CPU.Deploy.0 = Release|Any CPU
		{0D7F027C-25AF-4770-BA3E-DD7FFF492CDD}.Ad-Hoc|ARM.ActiveCfg = Release|Any CPU
		{0D7F027C-25AF-4770-BA3E-DD7FFF492CDD}.Ad-Hoc|ARM.Build.0 = Release|Any CPU
		{0D7F027C-25AF-4770-BA3E-DD7FFF492CDD}.Ad-Hoc|ARM.Deploy.0 = Release|Any CPU
		{0D7F027C-25AF-4770-BA3E-DD7FFF492CDD}.Ad-Hoc|iPhone.ActiveCfg = Release|Any CPU
		{0D7F027C-25AF-4770-BA3E-DD7FFF492CDD}.Ad-Hoc|iPhone.Build.0 = Release|Any CPU
		{0D7F027C-25AF-4770-BA3E-DD7FFF492CDD}.Ad-Hoc|iPhone.Deploy.0 = Release|Any CPU
		{0D7F027C-25AF-4770-BA3E-DD7FFF492CDD}.Ad-Hoc|iPhoneSimulator.ActiveCfg = Release|Any CPU
		{0D7F027C-25AF-4770-BA3E-DD7FFF492CDD}.Ad-Hoc|iPhoneSimulator.Build.0 = Release|Any CPU
		{0D7F027C-25AF-4770-BA3E-DD7FFF492CDD}.Ad-Hoc|iPhoneSimulator.Deploy.0 = Release|Any CPU
		{0D7F027C-25AF-4770-BA3E-DD7FFF492CDD}.Ad-Hoc|x64.ActiveCfg = Release|Any CPU
		{0D7F027C-25AF-4770-BA3E-DD7FFF492CDD}.Ad-Hoc|x64.Build.0 = Release|Any CPU
		{0D7F027C-25AF-4770-BA3E-DD7FFF492CDD}.Ad-Hoc|x64.Deploy.0 = Release|Any CPU
		{0D7F027C-25AF-4770-BA3E-DD7FFF492CDD}.Ad-Hoc|x86.ActiveCfg = Release|Any CPU
		{0D7F027C-25AF-4770-BA3E-DD7FFF492CDD}.Ad-Hoc|x86.Build.0 = Release|Any CPU
		{0D7F027C-25AF-4770-BA3E-DD7FFF492CDD}.Ad-Hoc|x86.Deploy.0 = Release|Any CPU
		{0D7F027C-25AF-4770-BA3E-DD7FFF492CDD}.AppStore|Any CPU.ActiveCfg = Release|Any CPU
		{0D7F027C-25AF-4770-BA3E-DD7FFF492CDD}.AppStore|Any CPU.Build.0 = Release|Any CPU
		{0D7F027C-25AF-4770-BA3E-DD7FFF492CDD}.AppStore|Any CPU.Deploy.0 = Release|Any CPU
		{0D7F027C-25AF-4770-BA3E-DD7FFF492CDD}.AppStore|ARM.ActiveCfg = Release|Any CPU
		{0D7F027C-25AF-4770-BA3E-DD7FFF492CDD}.AppStore|ARM.Build.0 = Release|Any CPU
		{0D7F027C-25AF-4770-BA3E-DD7FFF492CDD}.AppStore|ARM.Deploy.0 = Release|Any CPU
		{0D7F027C-25AF-4770-BA3E-DD7FFF492CDD}.AppStore|iPhone.ActiveCfg = Release|Any CPU
		{0D7F027C-25AF-4770-BA3E-DD7FFF492CDD}.AppStore|iPhone.Build.0 = Release|Any CPU
		{0D7F027C-25AF-4770-BA3E-DD7FFF492CDD}.AppStore|iPhone.Deploy.0 = Release|Any CPU
		{0D7F027C-25AF-4770-BA3E-DD7FFF492CDD}.AppStore|iPhoneSimulator.ActiveCfg = Release|Any CPU
		{0D7F027C-25AF-4770-BA3E-DD7FFF492CDD}.AppStore|iPhoneSimulator.Build.0 = Release|Any CPU
		{0D7F027C-25AF-4770-BA3E-DD7FFF492CDD}.AppStore|iPhoneSimulator.Deploy.0 = Release|Any CPU
		{0D7F027C-25AF-4770-BA3E-DD7FFF492CDD}.AppStore|x64.ActiveCfg = Release|Any CPU
		{0D7F027C-25AF-4770-BA3E-DD7FFF492CDD}.AppStore|x64.Build.0 = Release|Any CPU
		{0D7F027C-25AF-4770-BA3E-DD7FFF492CDD}.AppStore|x64.Deploy.0 = Release|Any CPU
		{0D7F027C-25AF-4770-BA3E-DD7FFF492CDD}.AppStore|x86.ActiveCfg = Release|Any CPU
		{0D7F027C-25AF-4770-BA3E-DD7FFF492CDD}.AppStore|x86.Build.0 = Release|Any CPU
		{0D7F027C-25AF-4770-BA3E-DD7FFF492CDD}.AppStore|x86.Deploy.0 = Release|Any CPU
		{0D7F027C-25AF-4770-BA3E-DD7FFF492CDD}.Debug|Any CPU.ActiveCfg = Debug|Any CPU
		{0D7F027C-25AF-4770-BA3E-DD7FFF492CDD}.Debug|Any CPU.Build.0 = Debug|Any CPU
		{0D7F027C-25AF-4770-BA3E-DD7FFF492CDD}.Debug|Any CPU.Deploy.0 = Debug|Any CPU
		{0D7F027C-25AF-4770-BA3E-DD7FFF492CDD}.Debug|ARM.ActiveCfg = Debug|Any CPU
		{0D7F027C-25AF-4770-BA3E-DD7FFF492CDD}.Debug|ARM.Build.0 = Debug|Any CPU
		{0D7F027C-25AF-4770-BA3E-DD7FFF492CDD}.Debug|ARM.Deploy.0 = Debug|Any CPU
		{0D7F027C-25AF-4770-BA3E-DD7FFF492CDD}.Debug|iPhone.ActiveCfg = Debug|Any CPU
		{0D7F027C-25AF-4770-BA3E-DD7FFF492CDD}.Debug|iPhone.Build.0 = Debug|Any CPU
		{0D7F027C-25AF-4770-BA3E-DD7FFF492CDD}.Debug|iPhone.Deploy.0 = Debug|Any CPU
		{0D7F027C-25AF-4770-BA3E-DD7FFF492CDD}.Debug|iPhoneSimulator.ActiveCfg = Debug|Any CPU
		{0D7F027C-25AF-4770-BA3E-DD7FFF492CDD}.Debug|iPhoneSimulator.Build.0 = Debug|Any CPU
		{0D7F027C-25AF-4770-BA3E-DD7FFF492CDD}.Debug|iPhoneSimulator.Deploy.0 = Debug|Any CPU
		{0D7F027C-25AF-4770-BA3E-DD7FFF492CDD}.Debug|x64.ActiveCfg = Debug|Any CPU
		{0D7F027C-25AF-4770-BA3E-DD7FFF492CDD}.Debug|x64.Build.0 = Debug|Any CPU
		{0D7F027C-25AF-4770-BA3E-DD7FFF492CDD}.Debug|x64.Deploy.0 = Debug|Any CPU
		{0D7F027C-25AF-4770-BA3E-DD7FFF492CDD}.Debug|x86.ActiveCfg = Debug|Any CPU
		{0D7F027C-25AF-4770-BA3E-DD7FFF492CDD}.Debug|x86.Build.0 = Debug|Any CPU
		{0D7F027C-25AF-4770-BA3E-DD7FFF492CDD}.Debug|x86.Deploy.0 = Debug|Any CPU
		{0D7F027C-25AF-4770-BA3E-DD7FFF492CDD}.Release|Any CPU.ActiveCfg = Release|Any CPU
		{0D7F027C-25AF-4770-BA3E-DD7FFF492CDD}.Release|Any CPU.Build.0 = Release|Any CPU
		{0D7F027C-25AF-4770-BA3E-DD7FFF492CDD}.Release|Any CPU.Deploy.0 = Release|Any CPU
		{0D7F027C-25AF-4770-BA3E-DD7FFF492CDD}.Release|ARM.ActiveCfg = Release|Any CPU
		{0D7F027C-25AF-4770-BA3E-DD7FFF492CDD}.Release|ARM.Build.0 = Release|Any CPU
		{0D7F027C-25AF-4770-BA3E-DD7FFF492CDD}.Release|ARM.Deploy.0 = Release|Any CPU
		{0D7F027C-25AF-4770-BA3E-DD7FFF492CDD}.Release|iPhone.ActiveCfg = Release|Any CPU
		{0D7F027C-25AF-4770-BA3E-DD7FFF492CDD}.Release|iPhone.Build.0 = Release|Any CPU
		{0D7F027C-25AF-4770-BA3E-DD7FFF492CDD}.Release|iPhone.Deploy.0 = Release|Any CPU
		{0D7F027C-25AF-4770-BA3E-DD7FFF492CDD}.Release|iPhoneSimulator.ActiveCfg = Release|Any CPU
		{0D7F027C-25AF-4770-BA3E-DD7FFF492CDD}.Release|iPhoneSimulator.Build.0 = Release|Any CPU
		{0D7F027C-25AF-4770-BA3E-DD7FFF492CDD}.Release|iPhoneSimulator.Deploy.0 = Release|Any CPU
		{0D7F027C-25AF-4770-BA3E-DD7FFF492CDD}.Release|x64.ActiveCfg = Release|Any CPU
		{0D7F027C-25AF-4770-BA3E-DD7FFF492CDD}.Release|x64.Build.0 = Release|Any CPU
		{0D7F027C-25AF-4770-BA3E-DD7FFF492CDD}.Release|x64.Deploy.0 = Release|Any CPU
		{0D7F027C-25AF-4770-BA3E-DD7FFF492CDD}.Release|x86.ActiveCfg = Release|Any CPU
		{0D7F027C-25AF-4770-BA3E-DD7FFF492CDD}.Release|x86.Build.0 = Release|Any CPU
		{0D7F027C-25AF-4770-BA3E-DD7FFF492CDD}.Release|x86.Deploy.0 = Release|Any CPU
		{41A1A4B5-1315-400A-8DD7-611FF870D92D}.Ad-Hoc|Any CPU.ActiveCfg = Ad-Hoc|iPhone
		{41A1A4B5-1315-400A-8DD7-611FF870D92D}.Ad-Hoc|ARM.ActiveCfg = Ad-Hoc|iPhone
		{41A1A4B5-1315-400A-8DD7-611FF870D92D}.Ad-Hoc|iPhone.ActiveCfg = Ad-Hoc|iPhone
		{41A1A4B5-1315-400A-8DD7-611FF870D92D}.Ad-Hoc|iPhone.Build.0 = Ad-Hoc|iPhone
		{41A1A4B5-1315-400A-8DD7-611FF870D92D}.Ad-Hoc|iPhoneSimulator.ActiveCfg = Ad-Hoc|iPhoneSimulator
		{41A1A4B5-1315-400A-8DD7-611FF870D92D}.Ad-Hoc|iPhoneSimulator.Build.0 = Ad-Hoc|iPhoneSimulator
		{41A1A4B5-1315-400A-8DD7-611FF870D92D}.Ad-Hoc|x64.ActiveCfg = Ad-Hoc|iPhone
		{41A1A4B5-1315-400A-8DD7-611FF870D92D}.Ad-Hoc|x86.ActiveCfg = Ad-Hoc|iPhone
		{41A1A4B5-1315-400A-8DD7-611FF870D92D}.AppStore|Any CPU.ActiveCfg = AppStore|iPhone
		{41A1A4B5-1315-400A-8DD7-611FF870D92D}.AppStore|ARM.ActiveCfg = AppStore|iPhone
		{41A1A4B5-1315-400A-8DD7-611FF870D92D}.AppStore|iPhone.ActiveCfg = AppStore|iPhone
		{41A1A4B5-1315-400A-8DD7-611FF870D92D}.AppStore|iPhone.Build.0 = AppStore|iPhone
		{41A1A4B5-1315-400A-8DD7-611FF870D92D}.AppStore|iPhoneSimulator.ActiveCfg = AppStore|iPhoneSimulator
		{41A1A4B5-1315-400A-8DD7-611FF870D92D}.AppStore|iPhoneSimulator.Build.0 = AppStore|iPhoneSimulator
		{41A1A4B5-1315-400A-8DD7-611FF870D92D}.AppStore|x64.ActiveCfg = AppStore|iPhone
		{41A1A4B5-1315-400A-8DD7-611FF870D92D}.AppStore|x86.ActiveCfg = AppStore|iPhone
		{41A1A4B5-1315-400A-8DD7-611FF870D92D}.Debug|Any CPU.ActiveCfg = Debug|iPhone
		{41A1A4B5-1315-400A-8DD7-611FF870D92D}.Debug|ARM.ActiveCfg = Debug|iPhone
		{41A1A4B5-1315-400A-8DD7-611FF870D92D}.Debug|iPhone.ActiveCfg = Debug|iPhone
		{41A1A4B5-1315-400A-8DD7-611FF870D92D}.Debug|iPhone.Build.0 = Debug|iPhone
		{41A1A4B5-1315-400A-8DD7-611FF870D92D}.Debug|iPhoneSimulator.ActiveCfg = Debug|iPhoneSimulator
		{41A1A4B5-1315-400A-8DD7-611FF870D92D}.Debug|iPhoneSimulator.Build.0 = Debug|iPhoneSimulator
		{41A1A4B5-1315-400A-8DD7-611FF870D92D}.Debug|x64.ActiveCfg = Debug|iPhone
		{41A1A4B5-1315-400A-8DD7-611FF870D92D}.Debug|x86.ActiveCfg = Debug|iPhone
		{41A1A4B5-1315-400A-8DD7-611FF870D92D}.Release|Any CPU.ActiveCfg = Release|iPhone
		{41A1A4B5-1315-400A-8DD7-611FF870D92D}.Release|ARM.ActiveCfg = Release|iPhone
		{41A1A4B5-1315-400A-8DD7-611FF870D92D}.Release|iPhone.ActiveCfg = Release|iPhone
		{41A1A4B5-1315-400A-8DD7-611FF870D92D}.Release|iPhone.Build.0 = Release|iPhone
		{41A1A4B5-1315-400A-8DD7-611FF870D92D}.Release|iPhoneSimulator.ActiveCfg = Release|iPhoneSimulator
		{41A1A4B5-1315-400A-8DD7-611FF870D92D}.Release|iPhoneSimulator.Build.0 = Release|iPhoneSimulator
		{41A1A4B5-1315-400A-8DD7-611FF870D92D}.Release|x64.ActiveCfg = Release|iPhone
		{41A1A4B5-1315-400A-8DD7-611FF870D92D}.Release|x86.ActiveCfg = Release|iPhone
		{9D1D2733-68AC-4644-ACC4-F664E76BBAEB}.Ad-Hoc|Any CPU.ActiveCfg = Release|x86
		{9D1D2733-68AC-4644-ACC4-F664E76BBAEB}.Ad-Hoc|Any CPU.Build.0 = Release|x86
		{9D1D2733-68AC-4644-ACC4-F664E76BBAEB}.Ad-Hoc|Any CPU.Deploy.0 = Release|x86
		{9D1D2733-68AC-4644-ACC4-F664E76BBAEB}.Ad-Hoc|ARM.ActiveCfg = Release|ARM
		{9D1D2733-68AC-4644-ACC4-F664E76BBAEB}.Ad-Hoc|ARM.Build.0 = Release|ARM
		{9D1D2733-68AC-4644-ACC4-F664E76BBAEB}.Ad-Hoc|ARM.Deploy.0 = Release|ARM
		{9D1D2733-68AC-4644-ACC4-F664E76BBAEB}.Ad-Hoc|iPhone.ActiveCfg = Release|x86
		{9D1D2733-68AC-4644-ACC4-F664E76BBAEB}.Ad-Hoc|iPhone.Build.0 = Release|x86
		{9D1D2733-68AC-4644-ACC4-F664E76BBAEB}.Ad-Hoc|iPhone.Deploy.0 = Release|x86
		{9D1D2733-68AC-4644-ACC4-F664E76BBAEB}.Ad-Hoc|iPhoneSimulator.ActiveCfg = Release|x86
		{9D1D2733-68AC-4644-ACC4-F664E76BBAEB}.Ad-Hoc|iPhoneSimulator.Build.0 = Release|x86
		{9D1D2733-68AC-4644-ACC4-F664E76BBAEB}.Ad-Hoc|iPhoneSimulator.Deploy.0 = Release|x86
		{9D1D2733-68AC-4644-ACC4-F664E76BBAEB}.Ad-Hoc|x64.ActiveCfg = Release|x64
		{9D1D2733-68AC-4644-ACC4-F664E76BBAEB}.Ad-Hoc|x64.Build.0 = Release|x64
		{9D1D2733-68AC-4644-ACC4-F664E76BBAEB}.Ad-Hoc|x64.Deploy.0 = Release|x64
		{9D1D2733-68AC-4644-ACC4-F664E76BBAEB}.Ad-Hoc|x86.ActiveCfg = Release|x86
		{9D1D2733-68AC-4644-ACC4-F664E76BBAEB}.Ad-Hoc|x86.Build.0 = Release|x86
		{9D1D2733-68AC-4644-ACC4-F664E76BBAEB}.Ad-Hoc|x86.Deploy.0 = Release|x86
		{9D1D2733-68AC-4644-ACC4-F664E76BBAEB}.AppStore|Any CPU.ActiveCfg = Release|x86
		{9D1D2733-68AC-4644-ACC4-F664E76BBAEB}.AppStore|Any CPU.Build.0 = Release|x86
		{9D1D2733-68AC-4644-ACC4-F664E76BBAEB}.AppStore|Any CPU.Deploy.0 = Release|x86
		{9D1D2733-68AC-4644-ACC4-F664E76BBAEB}.AppStore|ARM.ActiveCfg = Release|ARM
		{9D1D2733-68AC-4644-ACC4-F664E76BBAEB}.AppStore|ARM.Build.0 = Release|ARM
		{9D1D2733-68AC-4644-ACC4-F664E76BBAEB}.AppStore|ARM.Deploy.0 = Release|ARM
		{9D1D2733-68AC-4644-ACC4-F664E76BBAEB}.AppStore|iPhone.ActiveCfg = Release|x86
		{9D1D2733-68AC-4644-ACC4-F664E76BBAEB}.AppStore|iPhone.Build.0 = Release|x86
		{9D1D2733-68AC-4644-ACC4-F664E76BBAEB}.AppStore|iPhone.Deploy.0 = Release|x86
		{9D1D2733-68AC-4644-ACC4-F664E76BBAEB}.AppStore|iPhoneSimulator.ActiveCfg = Release|x86
		{9D1D2733-68AC-4644-ACC4-F664E76BBAEB}.AppStore|iPhoneSimulator.Build.0 = Release|x86
		{9D1D2733-68AC-4644-ACC4-F664E76BBAEB}.AppStore|iPhoneSimulator.Deploy.0 = Release|x86
		{9D1D2733-68AC-4644-ACC4-F664E76BBAEB}.AppStore|x64.ActiveCfg = Release|x64
		{9D1D2733-68AC-4644-ACC4-F664E76BBAEB}.AppStore|x64.Build.0 = Release|x64
		{9D1D2733-68AC-4644-ACC4-F664E76BBAEB}.AppStore|x64.Deploy.0 = Release|x64
		{9D1D2733-68AC-4644-ACC4-F664E76BBAEB}.AppStore|x86.ActiveCfg = Release|x86
		{9D1D2733-68AC-4644-ACC4-F664E76BBAEB}.AppStore|x86.Build.0 = Release|x86
		{9D1D2733-68AC-4644-ACC4-F664E76BBAEB}.AppStore|x86.Deploy.0 = Release|x86
		{9D1D2733-68AC-4644-ACC4-F664E76BBAEB}.Debug|Any CPU.ActiveCfg = Debug|x86
		{9D1D2733-68AC-4644-ACC4-F664E76BBAEB}.Debug|ARM.ActiveCfg = Debug|ARM
		{9D1D2733-68AC-4644-ACC4-F664E76BBAEB}.Debug|ARM.Build.0 = Debug|ARM
		{9D1D2733-68AC-4644-ACC4-F664E76BBAEB}.Debug|ARM.Deploy.0 = Debug|ARM
		{9D1D2733-68AC-4644-ACC4-F664E76BBAEB}.Debug|iPhone.ActiveCfg = Debug|x86
		{9D1D2733-68AC-4644-ACC4-F664E76BBAEB}.Debug|iPhoneSimulator.ActiveCfg = Debug|x86
		{9D1D2733-68AC-4644-ACC4-F664E76BBAEB}.Debug|x64.ActiveCfg = Debug|x64
		{9D1D2733-68AC-4644-ACC4-F664E76BBAEB}.Debug|x64.Build.0 = Debug|x64
		{9D1D2733-68AC-4644-ACC4-F664E76BBAEB}.Debug|x64.Deploy.0 = Debug|x64
		{9D1D2733-68AC-4644-ACC4-F664E76BBAEB}.Debug|x86.ActiveCfg = Debug|x86
		{9D1D2733-68AC-4644-ACC4-F664E76BBAEB}.Debug|x86.Build.0 = Debug|x86
		{9D1D2733-68AC-4644-ACC4-F664E76BBAEB}.Debug|x86.Deploy.0 = Debug|x86
		{9D1D2733-68AC-4644-ACC4-F664E76BBAEB}.Release|Any CPU.ActiveCfg = Release|x86
		{9D1D2733-68AC-4644-ACC4-F664E76BBAEB}.Release|ARM.ActiveCfg = Release|ARM
		{9D1D2733-68AC-4644-ACC4-F664E76BBAEB}.Release|ARM.Build.0 = Release|ARM
		{9D1D2733-68AC-4644-ACC4-F664E76BBAEB}.Release|ARM.Deploy.0 = Release|ARM
		{9D1D2733-68AC-4644-ACC4-F664E76BBAEB}.Release|iPhone.ActiveCfg = Release|x86
		{9D1D2733-68AC-4644-ACC4-F664E76BBAEB}.Release|iPhoneSimulator.ActiveCfg = Release|x86
		{9D1D2733-68AC-4644-ACC4-F664E76BBAEB}.Release|x64.ActiveCfg = Release|x64
		{9D1D2733-68AC-4644-ACC4-F664E76BBAEB}.Release|x64.Build.0 = Release|x64
		{9D1D2733-68AC-4644-ACC4-F664E76BBAEB}.Release|x64.Deploy.0 = Release|x64
		{9D1D2733-68AC-4644-ACC4-F664E76BBAEB}.Release|x86.ActiveCfg = Release|x86
		{9D1D2733-68AC-4644-ACC4-F664E76BBAEB}.Release|x86.Build.0 = Release|x86
		{9D1D2733-68AC-4644-ACC4-F664E76BBAEB}.Release|x86.Deploy.0 = Release|x86
		{CEAAA524-733D-4362-BE1F-B7E7AC0B50BB}.Ad-Hoc|Any CPU.ActiveCfg = Debug|Any CPU
		{CEAAA524-733D-4362-BE1F-B7E7AC0B50BB}.Ad-Hoc|Any CPU.Build.0 = Debug|Any CPU
		{CEAAA524-733D-4362-BE1F-B7E7AC0B50BB}.Ad-Hoc|ARM.ActiveCfg = Debug|Any CPU
		{CEAAA524-733D-4362-BE1F-B7E7AC0B50BB}.Ad-Hoc|ARM.Build.0 = Debug|Any CPU
		{CEAAA524-733D-4362-BE1F-B7E7AC0B50BB}.Ad-Hoc|iPhone.ActiveCfg = Debug|Any CPU
		{CEAAA524-733D-4362-BE1F-B7E7AC0B50BB}.Ad-Hoc|iPhone.Build.0 = Debug|Any CPU
		{CEAAA524-733D-4362-BE1F-B7E7AC0B50BB}.Ad-Hoc|iPhoneSimulator.ActiveCfg = Debug|Any CPU
		{CEAAA524-733D-4362-BE1F-B7E7AC0B50BB}.Ad-Hoc|iPhoneSimulator.Build.0 = Debug|Any CPU
		{CEAAA524-733D-4362-BE1F-B7E7AC0B50BB}.Ad-Hoc|x64.ActiveCfg = Debug|Any CPU
		{CEAAA524-733D-4362-BE1F-B7E7AC0B50BB}.Ad-Hoc|x64.Build.0 = Debug|Any CPU
		{CEAAA524-733D-4362-BE1F-B7E7AC0B50BB}.Ad-Hoc|x86.ActiveCfg = Debug|Any CPU
		{CEAAA524-733D-4362-BE1F-B7E7AC0B50BB}.Ad-Hoc|x86.Build.0 = Debug|Any CPU
		{CEAAA524-733D-4362-BE1F-B7E7AC0B50BB}.AppStore|Any CPU.ActiveCfg = Debug|Any CPU
		{CEAAA524-733D-4362-BE1F-B7E7AC0B50BB}.AppStore|Any CPU.Build.0 = Debug|Any CPU
		{CEAAA524-733D-4362-BE1F-B7E7AC0B50BB}.AppStore|ARM.ActiveCfg = Debug|Any CPU
		{CEAAA524-733D-4362-BE1F-B7E7AC0B50BB}.AppStore|ARM.Build.0 = Debug|Any CPU
		{CEAAA524-733D-4362-BE1F-B7E7AC0B50BB}.AppStore|iPhone.ActiveCfg = Debug|Any CPU
		{CEAAA524-733D-4362-BE1F-B7E7AC0B50BB}.AppStore|iPhone.Build.0 = Debug|Any CPU
		{CEAAA524-733D-4362-BE1F-B7E7AC0B50BB}.AppStore|iPhoneSimulator.ActiveCfg = Debug|Any CPU
		{CEAAA524-733D-4362-BE1F-B7E7AC0B50BB}.AppStore|iPhoneSimulator.Build.0 = Debug|Any CPU
		{CEAAA524-733D-4362-BE1F-B7E7AC0B50BB}.AppStore|x64.ActiveCfg = Debug|Any CPU
		{CEAAA524-733D-4362-BE1F-B7E7AC0B50BB}.AppStore|x64.Build.0 = Debug|Any CPU
		{CEAAA524-733D-4362-BE1F-B7E7AC0B50BB}.AppStore|x86.ActiveCfg = Debug|Any CPU
		{CEAAA524-733D-4362-BE1F-B7E7AC0B50BB}.AppStore|x86.Build.0 = Debug|Any CPU
		{CEAAA524-733D-4362-BE1F-B7E7AC0B50BB}.Debug|Any CPU.ActiveCfg = Debug|Any CPU
		{CEAAA524-733D-4362-BE1F-B7E7AC0B50BB}.Debug|Any CPU.Build.0 = Debug|Any CPU
		{CEAAA524-733D-4362-BE1F-B7E7AC0B50BB}.Debug|ARM.ActiveCfg = Debug|Any CPU
		{CEAAA524-733D-4362-BE1F-B7E7AC0B50BB}.Debug|ARM.Build.0 = Debug|Any CPU
		{CEAAA524-733D-4362-BE1F-B7E7AC0B50BB}.Debug|iPhone.ActiveCfg = Debug|Any CPU
		{CEAAA524-733D-4362-BE1F-B7E7AC0B50BB}.Debug|iPhone.Build.0 = Debug|Any CPU
		{CEAAA524-733D-4362-BE1F-B7E7AC0B50BB}.Debug|iPhoneSimulator.ActiveCfg = Debug|Any CPU
		{CEAAA524-733D-4362-BE1F-B7E7AC0B50BB}.Debug|iPhoneSimulator.Build.0 = Debug|Any CPU
		{CEAAA524-733D-4362-BE1F-B7E7AC0B50BB}.Debug|x64.ActiveCfg = Debug|Any CPU
		{CEAAA524-733D-4362-BE1F-B7E7AC0B50BB}.Debug|x64.Build.0 = Debug|Any CPU
		{CEAAA524-733D-4362-BE1F-B7E7AC0B50BB}.Debug|x86.ActiveCfg = Debug|Any CPU
		{CEAAA524-733D-4362-BE1F-B7E7AC0B50BB}.Debug|x86.Build.0 = Debug|Any CPU
		{CEAAA524-733D-4362-BE1F-B7E7AC0B50BB}.Release|Any CPU.ActiveCfg = Release|Any CPU
		{CEAAA524-733D-4362-BE1F-B7E7AC0B50BB}.Release|Any CPU.Build.0 = Release|Any CPU
		{CEAAA524-733D-4362-BE1F-B7E7AC0B50BB}.Release|ARM.ActiveCfg = Release|Any CPU
		{CEAAA524-733D-4362-BE1F-B7E7AC0B50BB}.Release|ARM.Build.0 = Release|Any CPU
		{CEAAA524-733D-4362-BE1F-B7E7AC0B50BB}.Release|iPhone.ActiveCfg = Release|Any CPU
		{CEAAA524-733D-4362-BE1F-B7E7AC0B50BB}.Release|iPhone.Build.0 = Release|Any CPU
		{CEAAA524-733D-4362-BE1F-B7E7AC0B50BB}.Release|iPhoneSimulator.ActiveCfg = Release|Any CPU
		{CEAAA524-733D-4362-BE1F-B7E7AC0B50BB}.Release|iPhoneSimulator.Build.0 = Release|Any CPU
		{CEAAA524-733D-4362-BE1F-B7E7AC0B50BB}.Release|x64.ActiveCfg = Release|Any CPU
		{CEAAA524-733D-4362-BE1F-B7E7AC0B50BB}.Release|x64.Build.0 = Release|Any CPU
		{CEAAA524-733D-4362-BE1F-B7E7AC0B50BB}.Release|x86.ActiveCfg = Release|Any CPU
		{CEAAA524-733D-4362-BE1F-B7E7AC0B50BB}.Release|x86.Build.0 = Release|Any CPU
	EndGlobalSection
	GlobalSection(SolutionProperties) = preSolution
		HideSolutionNode = FALSE
	EndGlobalSection
	GlobalSection(ExtensibilityGlobals) = postSolution
		SolutionGuid = {1C6BD2AB-674E-4E4A-9BE3-9B7A29DE2636}
	EndGlobalSection
EndGlobal
